
Microsoft Visual Studio Solution File, Format Version 12.00
# Visual Studio Version 16
VisualStudioVersion = 16.0.31729.503
MinimumVisualStudioVersion = 10.0.40219.1
Project("{9A19103F-16F7-4668-BE54-9A1E7A4F7556}") = "batchRenameApp", "batchRenameApp\batchRenameApp.csproj", "{A05A90A4-B2BE-4D05-BB49-3672EE9E4FAF}"
EndProject
Project("{9A19103F-16F7-4668-BE54-9A1E7A4F7556}") = "Contract", "Contract\Contract.csproj", "{23C6C29B-6B31-4DE2-A130-A98B4411B9A8}"
EndProject
Project("{9A19103F-16F7-4668-BE54-9A1E7A4F7556}") = "RemoveExtraSpaceRule", "RemoveExtraSpaceRule\RemoveExtraSpaceRule.csproj", "{C62B1D95-41D5-4F63-A148-899EE0642117}"
EndProject
Project("{FAE04EC0-301F-11D3-BF4B-00C04F79EFBC}") = "ReplaceCharactersRule", "ReplaceCharactersIntoCharacterRule\ReplaceCharactersRule.csproj", "{DCE0A5EC-389F-4961-B5D9-8451547B0E52}"
EndProject
Project("{FAE04EC0-301F-11D3-BF4B-00C04F79EFBC}") = "AddPrefixRule", "AddPrefixRule\AddPrefixRule.csproj", "{DBC0367B-96BC-494F-B654-9F07B92F6B23}"
EndProject
Project("{FAE04EC0-301F-11D3-BF4B-00C04F79EFBC}") = "AddSuffixRule", "AddSuffixRule\AddSuffixRule.csproj", "{3766DBDE-7ED9-4939-A316-A6A3C9EF59C8}"
EndProject
Project("{FAE04EC0-301F-11D3-BF4B-00C04F79EFBC}") = "ConvertToLowercaseRule", "ConvertToLowercaseRule\ConvertToLowercaseRule.csproj", "{B6561C55-7F1E-4F09-B347-9A298E7A17E5}"
EndProject
Project("{FAE04EC0-301F-11D3-BF4B-00C04F79EFBC}") = "ConvertToPascalCase", "ConvertToPascalCase\ConvertToPascalCase.csproj", "{AEA9C0F3-B59B-4FCF-B3C1-0D9540DCB0F8}"
EndProject
Global
	GlobalSection(SolutionConfigurationPlatforms) = preSolution
		Debug|Any CPU = Debug|Any CPU
		Release|Any CPU = Release|Any CPU
	EndGlobalSection
	GlobalSection(ProjectConfigurationPlatforms) = postSolution
		{A05A90A4-B2BE-4D05-BB49-3672EE9E4FAF}.Debug|Any CPU.ActiveCfg = Debug|Any CPU
		{A05A90A4-B2BE-4D05-BB49-3672EE9E4FAF}.Debug|Any CPU.Build.0 = Debug|Any CPU
		{A05A90A4-B2BE-4D05-BB49-3672EE9E4FAF}.Release|Any CPU.ActiveCfg = Release|Any CPU
		{A05A90A4-B2BE-4D05-BB49-3672EE9E4FAF}.Release|Any CPU.Build.0 = Release|Any CPU
		{23C6C29B-6B31-4DE2-A130-A98B4411B9A8}.Debug|Any CPU.ActiveCfg = Debug|Any CPU
		{23C6C29B-6B31-4DE2-A130-A98B4411B9A8}.Debug|Any CPU.Build.0 = Debug|Any CPU
		{23C6C29B-6B31-4DE2-A130-A98B4411B9A8}.Release|Any CPU.ActiveCfg = Release|Any CPU
		{23C6C29B-6B31-4DE2-A130-A98B4411B9A8}.Release|Any CPU.Build.0 = Release|Any CPU
		{C62B1D95-41D5-4F63-A148-899EE0642117}.Debug|Any CPU.ActiveCfg = Debug|Any CPU
		{C62B1D95-41D5-4F63-A148-899EE0642117}.Debug|Any CPU.Build.0 = Debug|Any CPU
		{C62B1D95-41D5-4F63-A148-899EE0642117}.Release|Any CPU.ActiveCfg = Release|Any CPU
		{C62B1D95-41D5-4F63-A148-899EE0642117}.Release|Any CPU.Build.0 = Release|Any CPU
		{DCE0A5EC-389F-4961-B5D9-8451547B0E52}.Debug|Any CPU.ActiveCfg = Debug|Any CPU
		{DCE0A5EC-389F-4961-B5D9-8451547B0E52}.Debug|Any CPU.Build.0 = Debug|Any CPU
		{DCE0A5EC-389F-4961-B5D9-8451547B0E52}.Release|Any CPU.ActiveCfg = Release|Any CPU
		{DCE0A5EC-389F-4961-B5D9-8451547B0E52}.Release|Any CPU.Build.0 = Release|Any CPU
		{DBC0367B-96BC-494F-B654-9F07B92F6B23}.Debug|Any CPU.ActiveCfg = Debug|Any CPU
		{DBC0367B-96BC-494F-B654-9F07B92F6B23}.Debug|Any CPU.Build.0 = Debug|Any CPU
		{DBC0367B-96BC-494F-B654-9F07B92F6B23}.Release|Any CPU.ActiveCfg = Release|Any CPU
		{DBC0367B-96BC-494F-B654-9F07B92F6B23}.Release|Any CPU.Build.0 = Release|Any CPU
		{3766DBDE-7ED9-4939-A316-A6A3C9EF59C8}.Debug|Any CPU.ActiveCfg = Debug|Any CPU
		{3766DBDE-7ED9-4939-A316-A6A3C9EF59C8}.Debug|Any CPU.Build.0 = Debug|Any CPU
		{3766DBDE-7ED9-4939-A316-A6A3C9EF59C8}.Release|Any CPU.ActiveCfg = Release|Any CPU
		{3766DBDE-7ED9-4939-A316-A6A3C9EF59C8}.Release|Any CPU.Build.0 = Release|Any CPU
		{B6561C55-7F1E-4F09-B347-9A298E7A17E5}.Debug|Any CPU.ActiveCfg = Debug|Any CPU
		{B6561C55-7F1E-4F09-B347-9A298E7A17E5}.Debug|Any CPU.Build.0 = Debug|Any CPU
		{B6561C55-7F1E-4F09-B347-9A298E7A17E5}.Release|Any CPU.ActiveCfg = Release|Any CPU
		{B6561C55-7F1E-4F09-B347-9A298E7A17E5}.Release|Any CPU.Build.0 = Release|Any CPU
		{AEA9C0F3-B59B-4FCF-B3C1-0D9540DCB0F8}.Debug|Any CPU.ActiveCfg = Debug|Any CPU
		{AEA9C0F3-B59B-4FCF-B3C1-0D9540DCB0F8}.Debug|Any CPU.Build.0 = Debug|Any CPU
		{AEA9C0F3-B59B-4FCF-B3C1-0D9540DCB0F8}.Release|Any CPU.ActiveCfg = Release|Any CPU
		{AEA9C0F3-B59B-4FCF-B3C1-0D9540DCB0F8}.Release|Any CPU.Build.0 = Release|Any CPU
	EndGlobalSection
	GlobalSection(SolutionProperties) = preSolution
		HideSolutionNode = FALSE
	EndGlobalSection
	GlobalSection(ExtensibilityGlobals) = postSolution
		SolutionGuid = {D179315F-5613-408F-B988-249D599D88EB}
	EndGlobalSection
EndGlobal
