
Microsoft Visual Studio Solution File, Format Version 12.00
# Visual Studio Version 16
VisualStudioVersion = 16.0.31729.503
MinimumVisualStudioVersion = 10.0.40219.1
Project("{9A19103F-16F7-4668-BE54-9A1E7A4F7556}") = "batchRenameApp", "batchRenameApp\batchRenameApp.csproj", "{A05A90A4-B2BE-4D05-BB49-3672EE9E4FAF}"
EndProject
Project("{9A19103F-16F7-4668-BE54-9A1E7A4F7556}") = "Contract", "Contract\Contract.csproj", "{23C6C29B-6B31-4DE2-A130-A98B4411B9A8}"
EndProject
Project("{9A19103F-16F7-4668-BE54-9A1E7A4F7556}") = "RemoveExtraSpaceRule", "RemoveExtraSpaceRule\RemoveExtraSpaceRule.csproj", "{C62B1D95-41D5-4F63-A148-899EE0642117}"
EndProject
Project("{9A19103F-16F7-4668-BE54-9A1E7A4F7556}") = "ReplaceCharactersRule", "ReplaceCharactersIntoCharacterRule\ReplaceCharactersRule.csproj", "{DCE0A5EC-389F-4961-B5D9-8451547B0E52}"
EndProject
Project("{9A19103F-16F7-4668-BE54-9A1E7A4F7556}") = "AddPrefixRule", "AddPrefixRule\AddPrefixRule.csproj", "{DBC0367B-96BC-494F-B654-9F07B92F6B23}"
EndProject
Project("{9A19103F-16F7-4668-BE54-9A1E7A4F7556}") = "AddSuffixRule", "AddSuffixRule\AddSuffixRule.csproj", "{3766DBDE-7ED9-4939-A316-A6A3C9EF59C8}"
EndProject
Project("{9A19103F-16F7-4668-BE54-9A1E7A4F7556}") = "ConvertToLowercaseRule", "ConvertToLowercaseRule\ConvertToLowercaseRule.csproj", "{B6561C55-7F1E-4F09-B347-9A298E7A17E5}"
EndProject
Project("{9A19103F-16F7-4668-BE54-9A1E7A4F7556}") = "ConvertToPascalCaseRule", "ConvertToPascalCase\ConvertToPascalCaseRule.csproj", "{AEA9C0F3-B59B-4FCF-B3C1-0D9540DCB0F8}"
EndProject
Project("{9A19103F-16F7-4668-BE54-9A1E7A4F7556}") = "ChangeExtension", "ChangeExtension\ChangeExtension.csproj", "{A54AF279-C5B7-481F-90B4-003749A94689}"
EndProject
Project("{9A19103F-16F7-4668-BE54-9A1E7A4F7556}") = "ChangeFileNameRule", "ChangeFileName\ChangeFileNameRule.csproj", "{4945183C-9DCD-44B8-BA12-DD09D96A56E2}"
EndProject
Project("{9A19103F-16F7-4668-BE54-9A1E7A4F7556}") = "StripRule", "StripRule\StripRule.csproj", "{2BFBFCEE-1427-4E9B-AC46-CBCB89FDFBBF}"
EndProject
Project("{9A19103F-16F7-4668-BE54-9A1E7A4F7556}") = "RemoveAccentRule", "RemoveAccentRule\RemoveAccentRule.csproj", "{DBCB6DF4-2498-4C3A-91B3-0C6411D613E7}"
EndProject
Project("{9A19103F-16F7-4668-BE54-9A1E7A4F7556}") = "ConvertToUppercaseRule", "ConvertToUppercaseRule\ConvertToUppercaseRule.csproj", "{FE37EA06-FA38-486A-9588-8E9C21F1FF6E}"
EndProject
Project("{9A19103F-16F7-4668-BE54-9A1E7A4F7556}") = "ConvertToCamelCaseRule", "ConvertToCamelCaseRule\ConvertToCamelCaseRule.csproj", "{5E5C6C81-2CBE-4DA9-8377-CB192E9A5808}"
EndProject
Project("{9A19103F-16F7-4668-BE54-9A1E7A4F7556}") = "AddAlphabetCounter", "AddAlphabetCounter\AddAlphabetCounter.csproj", "{CE7D4E19-A1AC-4276-83E1-0E6E368B15E6}"
EndProject
Project("{9A19103F-16F7-4668-BE54-9A1E7A4F7556}") = "AddCounter", "AddCounter\AddCounter.csproj", "{50388F3D-97F9-40AB-8667-EBDD2D8F7B4C}"
EndProject
Global
	GlobalSection(SolutionConfigurationPlatforms) = preSolution
		Debug|Any CPU = Debug|Any CPU
		Release|Any CPU = Release|Any CPU
	EndGlobalSection
	GlobalSection(ProjectConfigurationPlatforms) = postSolution
		{A05A90A4-B2BE-4D05-BB49-3672EE9E4FAF}.Debug|Any CPU.ActiveCfg = Debug|Any CPU
		{A05A90A4-B2BE-4D05-BB49-3672EE9E4FAF}.Debug|Any CPU.Build.0 = Debug|Any CPU
		{A05A90A4-B2BE-4D05-BB49-3672EE9E4FAF}.Release|Any CPU.ActiveCfg = Release|Any CPU
		{A05A90A4-B2BE-4D05-BB49-3672EE9E4FAF}.Release|Any CPU.Build.0 = Release|Any CPU
		{23C6C29B-6B31-4DE2-A130-A98B4411B9A8}.Debug|Any CPU.ActiveCfg = Debug|Any CPU
		{23C6C29B-6B31-4DE2-A130-A98B4411B9A8}.Debug|Any CPU.Build.0 = Debug|Any CPU
		{23C6C29B-6B31-4DE2-A130-A98B4411B9A8}.Release|Any CPU.ActiveCfg = Release|Any CPU
		{23C6C29B-6B31-4DE2-A130-A98B4411B9A8}.Release|Any CPU.Build.0 = Release|Any CPU
		{C62B1D95-41D5-4F63-A148-899EE0642117}.Debug|Any CPU.ActiveCfg = Debug|Any CPU
		{C62B1D95-41D5-4F63-A148-899EE0642117}.Debug|Any CPU.Build.0 = Debug|Any CPU
		{C62B1D95-41D5-4F63-A148-899EE0642117}.Release|Any CPU.ActiveCfg = Release|Any CPU
		{C62B1D95-41D5-4F63-A148-899EE0642117}.Release|Any CPU.Build.0 = Release|Any CPU
		{DCE0A5EC-389F-4961-B5D9-8451547B0E52}.Debug|Any CPU.ActiveCfg = Debug|Any CPU
		{DCE0A5EC-389F-4961-B5D9-8451547B0E52}.Debug|Any CPU.Build.0 = Debug|Any CPU
		{DCE0A5EC-389F-4961-B5D9-8451547B0E52}.Release|Any CPU.ActiveCfg = Release|Any CPU
		{DCE0A5EC-389F-4961-B5D9-8451547B0E52}.Release|Any CPU.Build.0 = Release|Any CPU
		{DBC0367B-96BC-494F-B654-9F07B92F6B23}.Debug|Any CPU.ActiveCfg = Debug|Any CPU
		{DBC0367B-96BC-494F-B654-9F07B92F6B23}.Debug|Any CPU.Build.0 = Debug|Any CPU
		{DBC0367B-96BC-494F-B654-9F07B92F6B23}.Release|Any CPU.ActiveCfg = Release|Any CPU
		{DBC0367B-96BC-494F-B654-9F07B92F6B23}.Release|Any CPU.Build.0 = Release|Any CPU
		{3766DBDE-7ED9-4939-A316-A6A3C9EF59C8}.Debug|Any CPU.ActiveCfg = Debug|Any CPU
		{3766DBDE-7ED9-4939-A316-A6A3C9EF59C8}.Debug|Any CPU.Build.0 = Debug|Any CPU
		{3766DBDE-7ED9-4939-A316-A6A3C9EF59C8}.Release|Any CPU.ActiveCfg = Release|Any CPU
		{3766DBDE-7ED9-4939-A316-A6A3C9EF59C8}.Release|Any CPU.Build.0 = Release|Any CPU
		{B6561C55-7F1E-4F09-B347-9A298E7A17E5}.Debug|Any CPU.ActiveCfg = Debug|Any CPU
		{B6561C55-7F1E-4F09-B347-9A298E7A17E5}.Debug|Any CPU.Build.0 = Debug|Any CPU
		{B6561C55-7F1E-4F09-B347-9A298E7A17E5}.Release|Any CPU.ActiveCfg = Release|Any CPU
		{B6561C55-7F1E-4F09-B347-9A298E7A17E5}.Release|Any CPU.Build.0 = Release|Any CPU
		{AEA9C0F3-B59B-4FCF-B3C1-0D9540DCB0F8}.Debug|Any CPU.ActiveCfg = Debug|Any CPU
		{AEA9C0F3-B59B-4FCF-B3C1-0D9540DCB0F8}.Debug|Any CPU.Build.0 = Debug|Any CPU
		{AEA9C0F3-B59B-4FCF-B3C1-0D9540DCB0F8}.Release|Any CPU.ActiveCfg = Release|Any CPU
		{AEA9C0F3-B59B-4FCF-B3C1-0D9540DCB0F8}.Release|Any CPU.Build.0 = Release|Any CPU
		{A54AF279-C5B7-481F-90B4-003749A94689}.Debug|Any CPU.ActiveCfg = Debug|Any CPU
		{A54AF279-C5B7-481F-90B4-003749A94689}.Debug|Any CPU.Build.0 = Debug|Any CPU
		{A54AF279-C5B7-481F-90B4-003749A94689}.Release|Any CPU.ActiveCfg = Release|Any CPU
		{A54AF279-C5B7-481F-90B4-003749A94689}.Release|Any CPU.Build.0 = Release|Any CPU
		{4945183C-9DCD-44B8-BA12-DD09D96A56E2}.Debug|Any CPU.ActiveCfg = Debug|Any CPU
		{4945183C-9DCD-44B8-BA12-DD09D96A56E2}.Debug|Any CPU.Build.0 = Debug|Any CPU
		{4945183C-9DCD-44B8-BA12-DD09D96A56E2}.Release|Any CPU.ActiveCfg = Release|Any CPU
		{4945183C-9DCD-44B8-BA12-DD09D96A56E2}.Release|Any CPU.Build.0 = Release|Any CPU
		{2BFBFCEE-1427-4E9B-AC46-CBCB89FDFBBF}.Debug|Any CPU.ActiveCfg = Debug|Any CPU
		{2BFBFCEE-1427-4E9B-AC46-CBCB89FDFBBF}.Debug|Any CPU.Build.0 = Debug|Any CPU
		{2BFBFCEE-1427-4E9B-AC46-CBCB89FDFBBF}.Release|Any CPU.ActiveCfg = Release|Any CPU
		{2BFBFCEE-1427-4E9B-AC46-CBCB89FDFBBF}.Release|Any CPU.Build.0 = Release|Any CPU
		{DBCB6DF4-2498-4C3A-91B3-0C6411D613E7}.Debug|Any CPU.ActiveCfg = Debug|Any CPU
		{DBCB6DF4-2498-4C3A-91B3-0C6411D613E7}.Debug|Any CPU.Build.0 = Debug|Any CPU
		{DBCB6DF4-2498-4C3A-91B3-0C6411D613E7}.Release|Any CPU.ActiveCfg = Release|Any CPU
		{DBCB6DF4-2498-4C3A-91B3-0C6411D613E7}.Release|Any CPU.Build.0 = Release|Any CPU
		{FE37EA06-FA38-486A-9588-8E9C21F1FF6E}.Debug|Any CPU.ActiveCfg = Debug|Any CPU
		{FE37EA06-FA38-486A-9588-8E9C21F1FF6E}.Debug|Any CPU.Build.0 = Debug|Any CPU
		{FE37EA06-FA38-486A-9588-8E9C21F1FF6E}.Release|Any CPU.ActiveCfg = Release|Any CPU
		{FE37EA06-FA38-486A-9588-8E9C21F1FF6E}.Release|Any CPU.Build.0 = Release|Any CPU
		{5E5C6C81-2CBE-4DA9-8377-CB192E9A5808}.Debug|Any CPU.ActiveCfg = Debug|Any CPU
		{5E5C6C81-2CBE-4DA9-8377-CB192E9A5808}.Debug|Any CPU.Build.0 = Debug|Any CPU
		{5E5C6C81-2CBE-4DA9-8377-CB192E9A5808}.Release|Any CPU.ActiveCfg = Release|Any CPU
		{5E5C6C81-2CBE-4DA9-8377-CB192E9A5808}.Release|Any CPU.Build.0 = Release|Any CPU
		{CE7D4E19-A1AC-4276-83E1-0E6E368B15E6}.Debug|Any CPU.ActiveCfg = Debug|Any CPU
		{CE7D4E19-A1AC-4276-83E1-0E6E368B15E6}.Debug|Any CPU.Build.0 = Debug|Any CPU
		{CE7D4E19-A1AC-4276-83E1-0E6E368B15E6}.Release|Any CPU.ActiveCfg = Release|Any CPU
		{CE7D4E19-A1AC-4276-83E1-0E6E368B15E6}.Release|Any CPU.Build.0 = Release|Any CPU
		{50388F3D-97F9-40AB-8667-EBDD2D8F7B4C}.Debug|Any CPU.ActiveCfg = Debug|Any CPU
		{50388F3D-97F9-40AB-8667-EBDD2D8F7B4C}.Debug|Any CPU.Build.0 = Debug|Any CPU
		{50388F3D-97F9-40AB-8667-EBDD2D8F7B4C}.Release|Any CPU.ActiveCfg = Release|Any CPU
		{50388F3D-97F9-40AB-8667-EBDD2D8F7B4C}.Release|Any CPU.Build.0 = Release|Any CPU
	EndGlobalSection
	GlobalSection(SolutionProperties) = preSolution
		HideSolutionNode = FALSE
	EndGlobalSection
	GlobalSection(ExtensibilityGlobals) = postSolution
		SolutionGuid = {D179315F-5613-408F-B988-249D599D88EB}
	EndGlobalSection
EndGlobal
